<?xml version="1.0" encoding="utf-8"?>
<Project ToolsVersion="4.0" xmlns="http://schemas.microsoft.com/developer/msbuild/2003">
  <ItemGroup>
    <Filter Include="Source Files">
      <UniqueIdentifier>{4FC737F1-C7A5-4376-A066-2A32D752A2FF}</UniqueIdentifier>
      <Extensions>cpp;c;cc;cxx;c++;cppm;ixx;def;odl;idl;hpj;bat;asm;asmx</Extensions>
    </Filter>
    <Filter Include="Header Files">
      <UniqueIdentifier>{93995380-89BD-4b04-88EB-625FBE52EBFB}</UniqueIdentifier>
      <Extensions>h;hh;hpp;hxx;h++;hm;inl;inc;ipp;xsd</Extensions>
    </Filter>
    <Filter Include="Resource Files">
      <UniqueIdentifier>{67DA6AB6-F800-4c08-8B7A-83BB121AAD01}</UniqueIdentifier>
      <Extensions>rc;ico;cur;bmp;dlg;rc2;rct;bin;rgs;gif;jpg;jpeg;jpe;resx;tiff;tif;png;wav;mfcribbon-ms</Extensions>
    </Filter>
    <Filter Include="Test">
      <UniqueIdentifier>{91140745-776e-47d1-975f-0a3274014d19}</UniqueIdentifier>
    </Filter>
  </ItemGroup>
  <ItemGroup>
    <ClCompile Include="src\main.cpp">
      <Filter>Source Files</Filter>
    </ClCompile>
    <ClCompile Include="src\Math\RealVector2D.cpp">
      <Filter>Source Files</Filter>
    </ClCompile>
    <ClCompile Include="src\Math\Line.cpp">
      <Filter>Source Files</Filter>
    </ClCompile>
    <ClCompile Include="src\Math\Utilities.cpp">
      <Filter>Source Files</Filter>
    </ClCompile>
    <ClCompile Include="src\FileBus\FileBusCommon.cpp">
      <Filter>Source Files</Filter>
    </ClCompile>
    <ClCompile Include="src\FileBus\FileBusWindows.cpp">
      <Filter>Source Files</Filter>
    </ClCompile>
    <ClCompile Include="src\Common\Character.cpp">
      <Filter>Source Files</Filter>
    </ClCompile>
    <ClCompile Include="src\Common\AnimationSheet.cpp">
      <Filter>Source Files</Filter>
    </ClCompile>
    <ClCompile Include="src\Input\StateManager.cpp">
      <Filter>Source Files</Filter>
    </ClCompile>
    <ClCompile Include="src\Input\InputManager.cpp">
      <Filter>Source Files</Filter>
    </ClCompile>
    <ClCompile Include="src\Common\HitBox.cpp">
      <Filter>Source Files</Filter>
    </ClCompile>
    <ClCompile Include="src\GameObject\GameObject.cpp">
      <Filter>Source Files</Filter>
    </ClCompile>
    <ClCompile Include="src\Effects\EffectManager.cpp">
      <Filter>Source Files</Filter>
    </ClCompile>
    <ClCompile Include="..\ThirdParty\fmt-8.0.1\src\format.cc">
      <Filter>Source Files</Filter>
    </ClCompile>
    <ClCompile Include="src\Dbg\Logging.cpp">
      <Filter>Source Files</Filter>
    </ClCompile>
    <ClCompile Include="src\Players\Dennis\Dennis.cpp">
      <Filter>Source Files</Filter>
    </ClCompile>
    <ClCompile Include="src\Players\Davis\Davis.cpp">
      <Filter>Source Files</Filter>
    </ClCompile>
    <ClCompile Include="src\Players\Dennis\DennisBlueBall.cpp">
      <Filter>Source Files</Filter>
    </ClCompile>
    <ClCompile Include="src\Players\Dennis\ChaseBall.cpp">
      <Filter>Source Files</Filter>
    </ClCompile>
    <ClCompile Include="src\Players\Davis\DavisBlueBall.cpp">
      <Filter>Source Files</Filter>
    </ClCompile>
    <ClCompile Include="src\Common\ProjectileBall.cpp">
      <Filter>Source Files</Filter>
    </ClCompile>
    <ClCompile Include="src\Players\Firen\Firen.cpp">
      <Filter>Source Files</Filter>
    </ClCompile>
    <ClCompile Include="src\Players\Firen\FirenFireBall.cpp">
      <Filter>Source Files</Filter>
    </ClCompile>
    <ClCompile Include="src\Players\Firen\FirenGroundFire.cpp">
      <Filter>Source Files</Filter>
    </ClCompile>
    <ClCompile Include="src\Players\Freeze\Freeze.cpp">
      <Filter>Source Files</Filter>
    </ClCompile>
    <ClCompile Include="src\Players\Freeze\FreezeBall.cpp">
      <Filter>Source Files</Filter>
    </ClCompile>
    <ClCompile Include="src\Players\Freeze\IceBerg.cpp">
      <Filter>Source Files</Filter>
    </ClCompile>
    <ClCompile Include="src\Players\Dennis\HelicopterKick.cpp">
      <Filter>Source Files</Filter>
    </ClCompile>
    <ClCompile Include="src\Players\Firen\FirenExplosion.cpp">
      <Filter>Source Files</Filter>
    </ClCompile>
    <ClCompile Include="src\Players\Freeze\Tornado.cpp">
      <Filter>Source Files</Filter>
    </ClCompile>
    <ClCompile Include="src\Players\John\John.cpp">
      <Filter>Source Files</Filter>
    </ClCompile>
    <ClCompile Include="src\Players\John\JohnBlueBall.cpp">
      <Filter>Source Files</Filter>
    </ClCompile>
    <ClCompile Include="src\Players\John\JohnShield.cpp">
      <Filter>Source Files</Filter>
    </ClCompile>
    <ClCompile Include="src\Players\John\DestructoDisk.cpp">
      <Filter>Source Files</Filter>
    </ClCompile>
    <ClCompile Include="src\Players\Deep\Deep.cpp">
      <Filter>Source Files</Filter>
    </ClCompile>
    <ClCompile Include="src\Players\Deep\DeepSlash.cpp">
      <Filter>Source Files</Filter>
    </ClCompile>
    <ClCompile Include="src\Players\Woody\Woody.cpp">
      <Filter>Source Files</Filter>
    </ClCompile>
    <ClCompile Include="src\Players\Woody\WoodyBall.cpp">
      <Filter>Source Files</Filter>
    </ClCompile>
    <ClCompile Include="src\Players\Firen\FlameThrow.cpp">
      <Filter>Source Files</Filter>
    </ClCompile>
    <ClCompile Include="src\Weapons\Weapon.cpp">
      <Filter>Source Files</Filter>
    </ClCompile>
    <ClCompile Include="src\Weapons\BaseBallBat.cpp">
      <Filter>Source Files</Filter>
    </ClCompile>
    <ClCompile Include="src\Weapons\HookWeapon.cpp">
      <Filter>Source Files</Filter>
    </ClCompile>
    <ClCompile Include="src\Weapons\IceSword.cpp">
      <Filter>Source Files</Filter>
    </ClCompile>
  </ItemGroup>
  <ItemGroup>
    <ClInclude Include="src\Common\Character.h">
      <Filter>Header Files</Filter>
    </ClInclude>
    <ClInclude Include="resource.h">
      <Filter>Header Files</Filter>
    </ClInclude>
    <ClInclude Include="src\Math\RealVector2D.h">
      <Filter>Header Files</Filter>
    </ClInclude>
    <ClInclude Include="src\Math\Line.h">
      <Filter>Header Files</Filter>
    </ClInclude>
    <ClInclude Include="src\Math\Utilities.h">
      <Filter>Header Files</Filter>
    </ClInclude>
    <ClInclude Include="src\Common\AnimationSheet.h">
      <Filter>Header Files</Filter>
    </ClInclude>
    <ClInclude Include="src\FileBus\FileBus.h">
      <Filter>Header Files</Filter>
    </ClInclude>
    <ClInclude Include="src\Input\InputManager.h">
      <Filter>Header Files</Filter>
    </ClInclude>
    <ClInclude Include="src\Input\StateManager.h">
      <Filter>Header Files</Filter>
    </ClInclude>
    <ClInclude Include="src\Common\HitBox.h">
      <Filter>Header Files</Filter>
    </ClInclude>
    <ClInclude Include="src\GameObject\GameObject.h">
      <Filter>Header Files</Filter>
    </ClInclude>
    <ClInclude Include="src\Effects\EffectManager.h">
      <Filter>Header Files</Filter>
    </ClInclude>
    <ClInclude Include="src\Dbg\Logging.h">
      <Filter>Header Files</Filter>
    </ClInclude>
    <ClInclude Include="src\Players\Dennis\Dennis.h">
      <Filter>Header Files</Filter>
    </ClInclude>
    <ClInclude Include="src\Players\Davis\Davis.h">
      <Filter>Header Files</Filter>
    </ClInclude>
    <ClInclude Include="src\Players\Dennis\DennisBlueBall.h">
      <Filter>Header Files</Filter>
    </ClInclude>
    <ClInclude Include="src\Players\Dennis\ChaseBall.h">
      <Filter>Header Files</Filter>
    </ClInclude>
    <ClInclude Include="src\Players\Davis\DavisBlueBall.h">
      <Filter>Header Files</Filter>
    </ClInclude>
    <ClInclude Include="src\Common\ProjectileBall.h">
      <Filter>Header Files</Filter>
    </ClInclude>
    <ClInclude Include="src\Players\Firen\Firen.h">
      <Filter>Header Files</Filter>
    </ClInclude>
    <ClInclude Include="src\Players\Firen\FirenFireBall.h">
      <Filter>Header Files</Filter>
    </ClInclude>
    <ClInclude Include="src\Players\Firen\FirenGroundFire.h">
      <Filter>Header Files</Filter>
    </ClInclude>
    <ClInclude Include="src\Players\Freeze\Freeze.h">
      <Filter>Header Files</Filter>
    </ClInclude>
    <ClInclude Include="src\Players\Freeze\FreezeBall.h">
      <Filter>Header Files</Filter>
    </ClInclude>
    <ClInclude Include="src\Players\Freeze\IceBerg.h">
      <Filter>Header Files</Filter>
    </ClInclude>
    <ClInclude Include="src\Players\Dennis\HelicopterKick.h">
      <Filter>Header Files</Filter>
    </ClInclude>
    <ClInclude Include="src\Players\Firen\FirenExplosion.h">
      <Filter>Header Files</Filter>
    </ClInclude>
    <ClInclude Include="src\Players\Freeze\Tornado.h">
      <Filter>Header Files</Filter>
    </ClInclude>
    <ClInclude Include="src\Players\John\John.h">
      <Filter>Header Files</Filter>
    </ClInclude>
    <ClInclude Include="src\Players\John\JohnBlueBall.h">
      <Filter>Header Files</Filter>
    </ClInclude>
    <ClInclude Include="src\Players\John\JohnShield.h">
      <Filter>Header Files</Filter>
    </ClInclude>
    <ClInclude Include="src\Players\John\DestructoDisk.h">
      <Filter>Header Files</Filter>
    </ClInclude>
    <ClInclude Include="src\Players\Deep\Deep.h">
      <Filter>Header Files</Filter>
    </ClInclude>
    <ClInclude Include="src\Players\Deep\DeepSlash.h">
      <Filter>Header Files</Filter>
    </ClInclude>
    <ClInclude Include="src\Players\Woody\Woody.h">
      <Filter>Header Files</Filter>
    </ClInclude>
    <ClInclude Include="src\Players\Woody\WoodyBall.h">
      <Filter>Header Files</Filter>
    </ClInclude>
    <ClInclude Include="src\Players\Firen\FlameThrow.h">
      <Filter>Header Files</Filter>
    </ClInclude>
    <ClInclude Include="src\Weapons\Weapon.h">
      <Filter>Header Files</Filter>
    </ClInclude>
    <ClInclude Include="src\Weapons\BaseBallBat.h">
      <Filter>Header Files</Filter>
    </ClInclude>
    <ClInclude Include="src\Weapons\HookWeapon.h">
      <Filter>Header Files</Filter>
    </ClInclude>
    <ClInclude Include="src\Weapons\IceSword.h">
      <Filter>Header Files</Filter>
    </ClInclude>
  </ItemGroup>
  <ItemGroup>
    <ResourceCompile Include="LF2.rc">
      <Filter>Resource Files</Filter>
    </ResourceCompile>
  </ItemGroup>
</Project>